github.com/chzyer/readline v0.0.0-20180603132655-2972be24d48e h1:fY5BOSpyZCqRo5OhCuC+XN+r/bBCmeuuJtjz+bCNIf8=
github.com/chzyer/readline v0.0.0-20180603132655-2972be24d48e/go.mod h1:nSuG5e5PlCu98SY8svDHJxuZscDgtXS6KTTbou5AhLI=
github.com/disiqueira/gotree v1.0.0 h1:en5wk87n7/Jyk6gVME3cx3xN9KmUCstJ1IjHr4Se4To=
github.com/disiqueira/gotree v1.0.0/go.mod h1:7CwL+VWsWAU95DovkdRZAtA7YbtHwGk+tLV/kNi8niU=
github.com/fatih/color v1.9.0 h1:8xPHl4/q1VyqGIPif1F+1V3Y3lSmrq01EabUW3CoW5s=
github.com/fatih/color v1.9.0/go.mod h1:eQcE1qtQxscV5RaZvpXrrb8Drkc3/DdQ+uUYCNjL+zU=
github.com/mattn/go-colorable v0.1.4 h1:snbPLB8fVfU9iwbbo30TPtbLRzwWu6aJS6Xh4eaaviA=
github.com/mattn/go-colorable v0.1.4/go.mod h1:U0ppj6V5qS13XJ6of8GYAs25YV2eR4EVcfRqFIhoBtE=
github.com/mattn/go-colorable v0.1.6 h1:6Su7aK7lXmJ/U79bYtBjLNaha4Fs1Rg9plHpcH+vvnE=
github.com/mattn/go-colorable v0.1.6/go.mod h1:u6P/XSegPjTcexA+o6vUJrdnUu04hMope9wVRipJSqc=
github.com/mattn/go-isatty v0.0.8/go.mod h1:Iq45c/XA43vh69/j3iqttzPXn0bhXyGjM0Hdxcsrc5s=
github.com/mattn/go-isatty v0.0.11 h1:FxPOTFNqGkuDUGi3H/qkUbQO4ZiBa2brKq5r0l8TGeM=
github.com/mattn/go-isatty v0.0.11/go.mod h1:PhnuNfih5lzO57/f3n+odYbM4JtupLOxQOAqxQCu2WE=
github.com/mattn/go-isatty v0.0.12 h1:wuysRhFDzyxgEmMf5xjvJ2M9dZoWAXNNr5LSBS7uHXY=
github.com/mattn/go-isatty v0.0.12/go.mod h1:cbi8OIDigv2wuxKPP5vlRcQ1OAZbq2CE4Kysco4FUpU=
github.com/mattn/go-runewidth v0.0.3/go.mod h1:LwmH8dsx7+W8Uxz3IHJYH5QSwggIsqBzpuz5H//U1FU=
github.com/mattn/go-runewidth v0.0.9 h1:Lm995f3rfxdpd6TSmuVCHVb/QhupuXlYr8sCI/QdE+0=
github.com/mattn/go-runewidth v0.0.9/go.mod h1:H031xJmbD/WCDINGzjvQ9THkh0rPKHF+m2gUSrubnMI=
github.com/nsf/termbox-go v0.0.0-20200204031403-4d2b513ad8be h1:yzmWtPyxEUIKdZg4RcPq64MfS8NA6A5fNOJgYhpR9EQ=
github.com/nsf/termbox-go v0.0.0-20200204031403-4d2b513ad8be/go.mod h1:IuKpRQcYE1Tfu+oAQqaLisqDeXgjyyltCfsaoYN18NQ=
github.com/peterh/liner v1.2.0 h1:w/UPXyl5GfahFxcTOz2j9wCIHNI+pUPr2laqpojKNCg=
github.com/peterh/liner v1.2.0/go.mod h1:CRroGNssyjTd/qIG2FyxByd2S8JEAZXBl4qUrZf8GS0=
gitlab.com/QazmoQwerty/go-liner-highlight v0.0.0-20200410025107-5be85b9853d9 h1:7l0Gemdn2XIBLTTlVwOxxmbAaxupY4zZw7LoqtiXrrk=
gitlab.com/QazmoQwerty/go-liner-highlight v0.0.0-20200410025107-5be85b9853d9/go.mod h1:c3e/emMgqGBdh5pYp/I4HKAOEuTSHAPCPGSR3xKeweA=
gitlab.com/QazmoQwerty/go-liner-highlight v0.0.0-20200410215600-61c126974f52 h1:mSRgfrlSOFYQsKEmGWprE6JqUMFjDMxvDjUH18rJ8rw=
gitlab.com/QazmoQwerty/go-liner-highlight v0.0.0-20200410215600-61c126974f52/go.mod h1:c3e/emMgqGBdh5pYp/I4HKAOEuTSHAPCPGSR3xKeweA=
gitlab.com/QazmoQwerty/go-liner-highlight v0.0.0-20200410220324-5c9a9ff6f4de h1:nZSk8+dzt/jfSS14Z2czCByoEb415KbUN3WD65E9rCo=
gitlab.com/QazmoQwerty/go-liner-highlight v0.0.0-20200410220324-5c9a9ff6f4de/go.mod h1:c3e/emMgqGBdh5pYp/I4HKAOEuTSHAPCPGSR3xKeweA=
gitlab.com/QazmoQwerty/go-liner-highlight v0.0.0-20200410223949-aeacea27254b h1:t8G+Ua8vdD+kkQ51wxoUjcT3U2wtUwU8GxKI9UuQ0jg=
gitlab.com/QazmoQwerty/go-liner-highlight v0.0.0-20200410223949-aeacea27254b/go.mod h1:c3e/emMgqGBdh5pYp/I4HKAOEuTSHAPCPGSR3xKeweA=
gitlab.com/QazmoQwerty/go-liner-highlight v0.0.0-20200410232804-67b7324538c3 h1:7cjJdhIM7Cy4AdBYb+BKRVXvAINK8qqVmI6Hc4OVnoc=
gitlab.com/QazmoQwerty/go-liner-highlight v0.0.0-20200410232804-67b7324538c3/go.mod h1:c3e/emMgqGBdh5pYp/I4HKAOEuTSHAPCPGSR3xKeweA=
gitlab.com/QazmoQwerty/go-liner-highlight v0.0.0-20200410235919-a226ab6b9fb9 h1:hnozNq7NZijvfU2QoikAfGRd5uHtLU13xag6nmt9/jQ=
gitlab.com/QazmoQwerty/go-liner-highlight v0.0.0-20200410235919-a226ab6b9fb9/go.mod h1:c3e/emMgqGBdh5pYp/I4HKAOEuTSHAPCPGSR3xKeweA=
gitlab.com/QazmoQwerty/go-liner-highlight v0.0.0-20200411010125-c25526c57581 h1:GCwr8ttoayHy5NpuFO8S4BeO2pBWHiUUaDdbH1kdd88=
gitlab.com/QazmoQwerty/go-liner-highlight v0.0.0-20200411010125-c25526c57581/go.mod h1:c3e/emMgqGBdh5pYp/I4HKAOEuTSHAPCPGSR3xKeweA=
gitlab.com/QazmoQwerty/go-liner-highlight v0.0.0-20200411013600-cc8a08ec1631 h1:2CMULoBV7qDRCFBgYtVBx4J6Ijtxgw1eFtDtZpyR3kU=
gitlab.com/QazmoQwerty/go-liner-highlight v0.0.0-20200411013600-cc8a08ec1631/go.mod h1:c3e/emMgqGBdh5pYp/I4HKAOEuTSHAPCPGSR3xKeweA=
gitlab.com/QazmoQwerty/go-liner-highlight v0.0.0-20200411014815-8fcd1cbd5b69 h1:i8JnAyyq0YFdwD+J3yiG8xYu/oTsiyiK7vu+3hqpK98=
gitlab.com/QazmoQwerty/go-liner-highlight v0.0.0-20200411014815-8fcd1cbd5b69/go.mod h1:c3e/emMgqGBdh5pYp/I4HKAOEuTSHAPCPGSR3xKeweA=
gitlab.com/QazmoQwerty/go-liner-highlight v0.0.0-20200411133527-a1112377acb3 h1:tz1B25PcHWztr/xkj0kXejrZhWEUh8xrWAvV3ceZVqU=
gitlab.com/QazmoQwerty/go-liner-highlight v0.0.0-20200411133527-a1112377acb3/go.mod h1:c3e/emMgqGBdh5pYp/I4HKAOEuTSHAPCPGSR3xKeweA=
gitlab.com/QazmoQwerty/go-liner-highlight v0.0.0-20200411160352-93f621d2b764 h1:0/op2PFiWPLgGOkqDwBTiEmJnRzDS29O/XaV1avu158=
gitlab.com/QazmoQwerty/go-liner-highlight v0.0.0-20200411160352-93f621d2b764/go.mod h1:c3e/emMgqGBdh5pYp/I4HKAOEuTSHAPCPGSR3xKeweA=
golang.org/x/sys v0.0.0-20190222072716-a9d3bda3a223/go.mod h1:STP8DvDyc/dI5b8T5hshtkjS+E42TnysNCUPdjciGhY=
golang.org/x/sys v0.0.0-20191026070338-33540a1f6037 h1:YyJpGZS1sBuBCzLAR1VEpK193GlqGZbnPFnPV/5Rsb4=
golang.org/x/sys v0.0.0-20191026070338-33540a1f6037/go.mod h1:h1NjWce9XRLGQEsW7wpKNCjG9DtNlClVuFLEZdDNbEs=
golang.org/x/sys v0.0.0-20200116001909-b77594299b42/go.mod h1:h1NjWce9XRLGQEsW7wpKNCjG9DtNlClVuFLEZdDNbEs=
golang.org/x/sys v0.0.0-20200223170610-d5e6a3e2c0ae/go.mod h1:h1NjWce9XRLGQEsW7wpKNCjG9DtNlClVuFLEZdDNbEs=
golang.org/x/sys v0.0.0-20200327173247-9dae0f8f5775 h1:TC0v2RSO1u2kn1ZugjrFXkRZAEaqMN/RW+OTZkBzmLE=
golang.org/x/sys v0.0.0-20200327173247-9dae0f8f5775/go.mod h1:h1NjWce9XRLGQEsW7wpKNCjG9DtNlClVuFLEZdDNbEs=
golang.org/x/sys v0.0.0-20200409092240-59c9f1ba88fa h1:mQTN3ECqfsViCNBgq+A40vdwhkGykrrQlYe3mPj6BoU=
golang.org/x/sys v0.0.0-20200409092240-59c9f1ba88fa/go.mod h1:h1NjWce9XRLGQEsW7wpKNCjG9DtNlClVuFLEZdDNbEs=
